// !$*UTF8*$!
{
	archiveVersion = 1;
	classes = {
	};
	objectVersion = 48;
	objects = {

/* Begin PBXBuildFile section */
		5D0AD65F201F02BC00C3C890 /* ViewController.m in Sources */ = {isa = PBXBuildFile; fileRef = 5D0AD65E201F02BC00C3C890 /* ViewController.m */; };
		5D0AD662201F02BC00C3C890 /* Main.storyboard in Resources */ = {isa = PBXBuildFile; fileRef = 5D0AD660201F02BC00C3C890 /* Main.storyboard */; };
		5D0AD671201F05C000C3C890 /* ImageRequestOperation.m in Sources */ = {isa = PBXBuildFile; fileRef = 5D0AD66F201F035600C3C890 /* ImageRequestOperation.m */; };
		5D0AD673201F136100C3C890 /* AppDelegate.m in Sources */ = {isa = PBXBuildFile; fileRef = 5D317C9C2016A861008ABEF9 /* AppDelegate.m */; };
		5D0AD674201F136400C3C890 /* Assets.xcassets in Resources */ = {isa = PBXBuildFile; fileRef = 5D317CA42016A861008ABEF9 /* Assets.xcassets */; };
		5D0AD675201F136900C3C890 /* LaunchScreen.storyboard in Resources */ = {isa = PBXBuildFile; fileRef = 5D317CA62016A861008ABEF9 /* LaunchScreen.storyboard */; };
		5D0AD676201F137D00C3C890 /* main.m in Sources */ = {isa = PBXBuildFile; fileRef = 5D317CAA2016A861008ABEF9 /* main.m */; };
		5D0AD682201F13B200C3C890 /* ViewController.m in Sources */ = {isa = PBXBuildFile; fileRef = 5D0AD681201F13B200C3C890 /* ViewController.m */; };
		5D0AD685201F13B200C3C890 /* Main.storyboard in Resources */ = {isa = PBXBuildFile; fileRef = 5D0AD683201F13B200C3C890 /* Main.storyboard */; };
		5D0AD691201F13D700C3C890 /* main.m in Sources */ = {isa = PBXBuildFile; fileRef = 5D317CAA2016A861008ABEF9 /* main.m */; };
		5D0AD692201F13DE00C3C890 /* AppDelegate.m in Sources */ = {isa = PBXBuildFile; fileRef = 5D317C9C2016A861008ABEF9 /* AppDelegate.m */; };
		5D0AD693201F13E000C3C890 /* Assets.xcassets in Resources */ = {isa = PBXBuildFile; fileRef = 5D317CA42016A861008ABEF9 /* Assets.xcassets */; };
		5D0AD694201F13E300C3C890 /* LaunchScreen.storyboard in Resources */ = {isa = PBXBuildFile; fileRef = 5D317CA62016A861008ABEF9 /* LaunchScreen.storyboard */; };
		5D0AD695201F3BB600C3C890 /* ImageRequestOperation.m in Sources */ = {isa = PBXBuildFile; fileRef = 5D0AD66F201F035600C3C890 /* ImageRequestOperation.m */; };
		5D317CB52016A861008ABEF9 /* NSOperationsTests.m in Sources */ = {isa = PBXBuildFile; fileRef = 5D317CB42016A861008ABEF9 /* NSOperationsTests.m */; };
		5D317CC22016A9C1008ABEF9 /* LongRunningOperation.m in Sources */ = {isa = PBXBuildFile; fileRef = 5D317CC02016A89C008ABEF9 /* LongRunningOperation.m */; };
		5D317CC62016AD0B008ABEF9 /* AsyncLongRunningOperation.m in Sources */ = {isa = PBXBuildFile; fileRef = 5D317CC42016AC46008ABEF9 /* AsyncLongRunningOperation.m */; };
		5D58BFE220289F14007E6F9C /* ViewController.m in Sources */ = {isa = PBXBuildFile; fileRef = 5D58BFE120289F14007E6F9C /* ViewController.m */; };
		5D58BFE520289F14007E6F9C /* Main.storyboard in Resources */ = {isa = PBXBuildFile; fileRef = 5D58BFE320289F14007E6F9C /* Main.storyboard */; };
		5D58BFF120289F37007E6F9C /* main.m in Sources */ = {isa = PBXBuildFile; fileRef = 5D317CAA2016A861008ABEF9 /* main.m */; };
		5D58BFF220289F3A007E6F9C /* AppDelegate.m in Sources */ = {isa = PBXBuildFile; fileRef = 5D317C9C2016A861008ABEF9 /* AppDelegate.m */; };
		5D58BFF320289F3D007E6F9C /* Assets.xcassets in Resources */ = {isa = PBXBuildFile; fileRef = 5D317CA42016A861008ABEF9 /* Assets.xcassets */; };
		5D58BFF420289F49007E6F9C /* LaunchScreen.storyboard in Resources */ = {isa = PBXBuildFile; fileRef = 5D317CA62016A861008ABEF9 /* LaunchScreen.storyboard */; };
		5D58BFF720289F66007E6F9C /* ImagePickerOperation.m in Sources */ = {isa = PBXBuildFile; fileRef = 5D58BFF620289F66007E6F9C /* ImagePickerOperation.m */; };
		5D58BFFA20299483007E6F9C /* WrapperOperation.m in Sources */ = {isa = PBXBuildFile; fileRef = 5D58BFF920299483007E6F9C /* WrapperOperation.m */; };
		5D58BFFD2029954E007E6F9C /* AsyncOperation.m in Sources */ = {isa = PBXBuildFile; fileRef = 5D58BFFC2029954E007E6F9C /* AsyncOperation.m */; };
		5D58C008202B11C8007E6F9C /* AsyncOperation.m in Sources */ = {isa = PBXBuildFile; fileRef = 5D58BFFC2029954E007E6F9C /* AsyncOperation.m */; };
/* End PBXBuildFile section */

/* Begin PBXFileReference section */
		5D0AD658201F02BC00C3C890 /* Example1.app */ = {isa = PBXFileReference; explicitFileType = wrapper.application; includeInIndex = 0; path = Example1.app; sourceTree = BUILT_PRODUCTS_DIR; };
		5D0AD65D201F02BC00C3C890 /* ViewController.h */ = {isa = PBXFileReference; lastKnownFileType = sourcecode.c.h; path = ViewController.h; sourceTree = "<group>"; };
		5D0AD65E201F02BC00C3C890 /* ViewController.m */ = {isa = PBXFileReference; lastKnownFileType = sourcecode.c.objc; path = ViewController.m; sourceTree = "<group>"; };
		5D0AD661201F02BC00C3C890 /* Base */ = {isa = PBXFileReference; lastKnownFileType = file.storyboard; name = Base; path = Base.lproj/Main.storyboard; sourceTree = "<group>"; };
		5D0AD668201F02BD00C3C890 /* Info.plist */ = {isa = PBXFileReference; lastKnownFileType = text.plist.xml; path = Info.plist; sourceTree = "<group>"; };
		5D0AD66E201F035600C3C890 /* ImageRequestOperation.h */ = {isa = PBXFileReference; lastKnownFileType = sourcecode.c.h; path = ImageRequestOperation.h; sourceTree = "<group>"; };
		5D0AD66F201F035600C3C890 /* ImageRequestOperation.m */ = {isa = PBXFileReference; lastKnownFileType = sourcecode.c.objc; path = ImageRequestOperation.m; sourceTree = "<group>"; };
		5D0AD67B201F13B200C3C890 /* Example2.app */ = {isa = PBXFileReference; explicitFileType = wrapper.application; includeInIndex = 0; path = Example2.app; sourceTree = BUILT_PRODUCTS_DIR; };
		5D0AD680201F13B200C3C890 /* ViewController.h */ = {isa = PBXFileReference; lastKnownFileType = sourcecode.c.h; path = ViewController.h; sourceTree = "<group>"; };
		5D0AD681201F13B200C3C890 /* ViewController.m */ = {isa = PBXFileReference; lastKnownFileType = sourcecode.c.objc; path = ViewController.m; sourceTree = "<group>"; };
		5D0AD684201F13B200C3C890 /* Base */ = {isa = PBXFileReference; lastKnownFileType = file.storyboard; name = Base; path = Base.lproj/Main.storyboard; sourceTree = "<group>"; };
		5D0AD68B201F13B200C3C890 /* Info.plist */ = {isa = PBXFileReference; lastKnownFileType = text.plist.xml; path = Info.plist; sourceTree = "<group>"; };
		5D317C9B2016A861008ABEF9 /* AppDelegate.h */ = {isa = PBXFileReference; lastKnownFileType = sourcecode.c.h; path = AppDelegate.h; sourceTree = "<group>"; };
		5D317C9C2016A861008ABEF9 /* AppDelegate.m */ = {isa = PBXFileReference; lastKnownFileType = sourcecode.c.objc; path = AppDelegate.m; sourceTree = "<group>"; };
		5D317CA42016A861008ABEF9 /* Assets.xcassets */ = {isa = PBXFileReference; lastKnownFileType = folder.assetcatalog; path = Assets.xcassets; sourceTree = "<group>"; };
		5D317CA72016A861008ABEF9 /* Base */ = {isa = PBXFileReference; lastKnownFileType = file.storyboard; name = Base; path = Base.lproj/LaunchScreen.storyboard; sourceTree = "<group>"; };
		5D317CAA2016A861008ABEF9 /* main.m */ = {isa = PBXFileReference; lastKnownFileType = sourcecode.c.objc; path = main.m; sourceTree = "<group>"; };
		5D317CB02016A861008ABEF9 /* NSOperationsTests.xctest */ = {isa = PBXFileReference; explicitFileType = wrapper.cfbundle; includeInIndex = 0; path = NSOperationsTests.xctest; sourceTree = BUILT_PRODUCTS_DIR; };
		5D317CB42016A861008ABEF9 /* NSOperationsTests.m */ = {isa = PBXFileReference; lastKnownFileType = sourcecode.c.objc; path = NSOperationsTests.m; sourceTree = "<group>"; };
		5D317CB62016A861008ABEF9 /* Info.plist */ = {isa = PBXFileReference; lastKnownFileType = text.plist.xml; path = Info.plist; sourceTree = "<group>"; };
		5D317CBF2016A89C008ABEF9 /* LongRunningOperation.h */ = {isa = PBXFileReference; lastKnownFileType = sourcecode.c.h; path = LongRunningOperation.h; sourceTree = "<group>"; };
		5D317CC02016A89C008ABEF9 /* LongRunningOperation.m */ = {isa = PBXFileReference; lastKnownFileType = sourcecode.c.objc; path = LongRunningOperation.m; sourceTree = "<group>"; };
		5D317CC32016AC46008ABEF9 /* AsyncLongRunningOperation.h */ = {isa = PBXFileReference; lastKnownFileType = sourcecode.c.h; path = AsyncLongRunningOperation.h; sourceTree = "<group>"; };
		5D317CC42016AC46008ABEF9 /* AsyncLongRunningOperation.m */ = {isa = PBXFileReference; lastKnownFileType = sourcecode.c.objc; path = AsyncLongRunningOperation.m; sourceTree = "<group>"; };
		5D58BFDB20289F14007E6F9C /* Example3.app */ = {isa = PBXFileReference; explicitFileType = wrapper.application; includeInIndex = 0; path = Example3.app; sourceTree = BUILT_PRODUCTS_DIR; };
		5D58BFE020289F14007E6F9C /* ViewController.h */ = {isa = PBXFileReference; lastKnownFileType = sourcecode.c.h; path = ViewController.h; sourceTree = "<group>"; };
		5D58BFE120289F14007E6F9C /* ViewController.m */ = {isa = PBXFileReference; lastKnownFileType = sourcecode.c.objc; path = ViewController.m; sourceTree = "<group>"; };
		5D58BFE420289F14007E6F9C /* Base */ = {isa = PBXFileReference; lastKnownFileType = file.storyboard; name = Base; path = Base.lproj/Main.storyboard; sourceTree = "<group>"; };
		5D58BFEB20289F14007E6F9C /* Info.plist */ = {isa = PBXFileReference; lastKnownFileType = text.plist.xml; path = Info.plist; sourceTree = "<group>"; };
		5D58BFF520289F66007E6F9C /* ImagePickerOperation.h */ = {isa = PBXFileReference; lastKnownFileType = sourcecode.c.h; path = ImagePickerOperation.h; sourceTree = "<group>"; };
		5D58BFF620289F66007E6F9C /* ImagePickerOperation.m */ = {isa = PBXFileReference; lastKnownFileType = sourcecode.c.objc; path = ImagePickerOperation.m; sourceTree = "<group>"; };
		5D58BFF820299483007E6F9C /* WrapperOperation.h */ = {isa = PBXFileReference; lastKnownFileType = sourcecode.c.h; path = WrapperOperation.h; sourceTree = "<group>"; };
		5D58BFF920299483007E6F9C /* WrapperOperation.m */ = {isa = PBXFileReference; lastKnownFileType = sourcecode.c.objc; path = WrapperOperation.m; sourceTree = "<group>"; };
		5D58BFFB2029954E007E6F9C /* AsyncOperation.h */ = {isa = PBXFileReference; lastKnownFileType = sourcecode.c.h; path = AsyncOperation.h; sourceTree = "<group>"; };
		5D58BFFC2029954E007E6F9C /* AsyncOperation.m */ = {isa = PBXFileReference; lastKnownFileType = sourcecode.c.objc; path = AsyncOperation.m; sourceTree = "<group>"; };
/* End PBXFileReference section */

/* Begin PBXFrameworksBuildPhase section */
		5D0AD655201F02BC00C3C890 /* Frameworks */ = {
			isa = PBXFrameworksBuildPhase;
			buildActionMask = 2147483647;
			files = (
			);
			runOnlyForDeploymentPostprocessing = 0;
		};
		5D0AD678201F13B200C3C890 /* Frameworks */ = {
			isa = PBXFrameworksBuildPhase;
			buildActionMask = 2147483647;
			files = (
			);
			runOnlyForDeploymentPostprocessing = 0;
		};
		5D317CAD2016A861008ABEF9 /* Frameworks */ = {
			isa = PBXFrameworksBuildPhase;
			buildActionMask = 2147483647;
			files = (
			);
			runOnlyForDeploymentPostprocessing = 0;
		};
		5D58BFD820289F14007E6F9C /* Frameworks */ = {
			isa = PBXFrameworksBuildPhase;
			buildActionMask = 2147483647;
			files = (
			);
			runOnlyForDeploymentPostprocessing = 0;
		};
/* End PBXFrameworksBuildPhase section */

/* Begin PBXGroup section */
		5D0AD659201F02BC00C3C890 /* Example1 */ = {
			isa = PBXGroup;
			children = (
				5D0AD65D201F02BC00C3C890 /* ViewController.h */,
				5D0AD65E201F02BC00C3C890 /* ViewController.m */,
				5D0AD660201F02BC00C3C890 /* Main.storyboard */,
				5D0AD668201F02BD00C3C890 /* Info.plist */,
			);
			path = Example1;
			sourceTree = "<group>";
		};
		5D0AD672201F133400C3C890 /* Shared */ = {
			isa = PBXGroup;
			children = (
				5D317CAA2016A861008ABEF9 /* main.m */,
				5D317C9B2016A861008ABEF9 /* AppDelegate.h */,
				5D317C9C2016A861008ABEF9 /* AppDelegate.m */,
				5D317CA42016A861008ABEF9 /* Assets.xcassets */,
				5D317CA62016A861008ABEF9 /* LaunchScreen.storyboard */,
			);
			path = Shared;
			sourceTree = "<group>";
		};
		5D0AD67C201F13B200C3C890 /* Example2 */ = {
			isa = PBXGroup;
			children = (
				5D0AD680201F13B200C3C890 /* ViewController.h */,
				5D0AD681201F13B200C3C890 /* ViewController.m */,
				5D0AD683201F13B200C3C890 /* Main.storyboard */,
				5D0AD68B201F13B200C3C890 /* Info.plist */,
			);
			path = Example2;
			sourceTree = "<group>";
		};
		5D317C8F2016A861008ABEF9 = {
			isa = PBXGroup;
			children = (
				5D317C9A2016A861008ABEF9 /* NSOperations */,
				5D317CB32016A861008ABEF9 /* NSOperationsTests */,
				5D317C992016A861008ABEF9 /* Products */,
			);
			sourceTree = "<group>";
		};
		5D317C992016A861008ABEF9 /* Products */ = {
			isa = PBXGroup;
			children = (
				5D317CB02016A861008ABEF9 /* NSOperationsTests.xctest */,
				5D0AD658201F02BC00C3C890 /* Example1.app */,
				5D0AD67B201F13B200C3C890 /* Example2.app */,
				5D58BFDB20289F14007E6F9C /* Example3.app */,
			);
			name = Products;
			sourceTree = "<group>";
		};
		5D317C9A2016A861008ABEF9 /* NSOperations */ = {
			isa = PBXGroup;
			children = (
				5D0AD672201F133400C3C890 /* Shared */,
				5D0AD659201F02BC00C3C890 /* Example1 */,
				5D0AD67C201F13B200C3C890 /* Example2 */,
				5D58BFDC20289F14007E6F9C /* Example3 */,
				5D317CBF2016A89C008ABEF9 /* LongRunningOperation.h */,
				5D317CC02016A89C008ABEF9 /* LongRunningOperation.m */,
				5D317CC32016AC46008ABEF9 /* AsyncLongRunningOperation.h */,
				5D317CC42016AC46008ABEF9 /* AsyncLongRunningOperation.m */,
				5D0AD66E201F035600C3C890 /* ImageRequestOperation.h */,
				5D0AD66F201F035600C3C890 /* ImageRequestOperation.m */,
				5D58BFF820299483007E6F9C /* WrapperOperation.h */,
				5D58BFF920299483007E6F9C /* WrapperOperation.m */,
				5D58BFFB2029954E007E6F9C /* AsyncOperation.h */,
				5D58BFFC2029954E007E6F9C /* AsyncOperation.m */,
			);
			path = NSOperations;
			sourceTree = "<group>";
		};
		5D317CB32016A861008ABEF9 /* NSOperationsTests */ = {
			isa = PBXGroup;
			children = (
				5D317CB42016A861008ABEF9 /* NSOperationsTests.m */,
				5D317CB62016A861008ABEF9 /* Info.plist */,
			);
			path = NSOperationsTests;
			sourceTree = "<group>";
		};
		5D58BFDC20289F14007E6F9C /* Example3 */ = {
			isa = PBXGroup;
			children = (
				5D58BFE020289F14007E6F9C /* ViewController.h */,
				5D58BFE120289F14007E6F9C /* ViewController.m */,
				5D58BFF520289F66007E6F9C /* ImagePickerOperation.h */,
				5D58BFF620289F66007E6F9C /* ImagePickerOperation.m */,
				5D58BFE320289F14007E6F9C /* Main.storyboard */,
				5D58BFEB20289F14007E6F9C /* Info.plist */,
			);
			path = Example3;
			sourceTree = "<group>";
		};
/* End PBXGroup section */

/* Begin PBXNativeTarget section */
		5D0AD657201F02BC00C3C890 /* Example1 */ = {
			isa = PBXNativeTarget;
			buildConfigurationList = 5D0AD66D201F02BD00C3C890 /* Build configuration list for PBXNativeTarget "Example1" */;
			buildPhases = (
				5D0AD654201F02BC00C3C890 /* Sources */,
				5D0AD655201F02BC00C3C890 /* Frameworks */,
				5D0AD656201F02BC00C3C890 /* Resources */,
			);
			buildRules = (
			);
			dependencies = (
			);
			name = Example1;
			productName = Example1;
			productReference = 5D0AD658201F02BC00C3C890 /* Example1.app */;
			productType = "com.apple.product-type.application";
		};
		5D0AD67A201F13B200C3C890 /* Example2 */ = {
			isa = PBXNativeTarget;
			buildConfigurationList = 5D0AD68E201F13B200C3C890 /* Build configuration list for PBXNativeTarget "Example2" */;
			buildPhases = (
				5D0AD677201F13B200C3C890 /* Sources */,
				5D0AD678201F13B200C3C890 /* Frameworks */,
				5D0AD679201F13B200C3C890 /* Resources */,
			);
			buildRules = (
			);
			dependencies = (
			);
			name = Example2;
			productName = Example2;
			productReference = 5D0AD67B201F13B200C3C890 /* Example2.app */;
			productType = "com.apple.product-type.application";
		};
		5D317CAF2016A861008ABEF9 /* NSOperationsTests */ = {
			isa = PBXNativeTarget;
			buildConfigurationList = 5D317CBC2016A861008ABEF9 /* Build configuration list for PBXNativeTarget "NSOperationsTests" */;
			buildPhases = (
				5D317CAC2016A861008ABEF9 /* Sources */,
				5D317CAD2016A861008ABEF9 /* Frameworks */,
				5D317CAE2016A861008ABEF9 /* Resources */,
			);
			buildRules = (
			);
			dependencies = (
			);
			name = NSOperationsTests;
			productName = NSOperationsTests;
			productReference = 5D317CB02016A861008ABEF9 /* NSOperationsTests.xctest */;
			productType = "com.apple.product-type.bundle.unit-test";
		};
		5D58BFDA20289F14007E6F9C /* Example3 */ = {
			isa = PBXNativeTarget;
			buildConfigurationList = 5D58BFF020289F14007E6F9C /* Build configuration list for PBXNativeTarget "Example3" */;
			buildPhases = (
				5D58BFD720289F14007E6F9C /* Sources */,
				5D58BFD820289F14007E6F9C /* Frameworks */,
				5D58BFD920289F14007E6F9C /* Resources */,
			);
			buildRules = (
			);
			dependencies = (
			);
			name = Example3;
			productName = Example3;
			productReference = 5D58BFDB20289F14007E6F9C /* Example3.app */;
			productType = "com.apple.product-type.application";
		};
/* End PBXNativeTarget section */

/* Begin PBXProject section */
		5D317C902016A861008ABEF9 /* Project object */ = {
			isa = PBXProject;
			attributes = {
				LastUpgradeCheck = 0920;
				ORGANIZATIONNAME = "Joel Ekström";
				TargetAttributes = {
					5D0AD657201F02BC00C3C890 = {
						CreatedOnToolsVersion = 9.2;
						ProvisioningStyle = Automatic;
					};
					5D0AD67A201F13B200C3C890 = {
						CreatedOnToolsVersion = 9.2;
						ProvisioningStyle = Automatic;
					};
					5D317CAF2016A861008ABEF9 = {
						CreatedOnToolsVersion = 9.2;
						ProvisioningStyle = Automatic;
					};
					5D58BFDA20289F14007E6F9C = {
						CreatedOnToolsVersion = 9.2;
						ProvisioningStyle = Automatic;
					};
				};
			};
			buildConfigurationList = 5D317C932016A861008ABEF9 /* Build configuration list for PBXProject "NSOperations" */;
			compatibilityVersion = "Xcode 8.0";
			developmentRegion = en;
			hasScannedForEncodings = 0;
			knownRegions = (
				en,
				Base,
			);
			mainGroup = 5D317C8F2016A861008ABEF9;
			productRefGroup = 5D317C992016A861008ABEF9 /* Products */;
			projectDirPath = "";
			projectRoot = "";
			targets = (
				5D317CAF2016A861008ABEF9 /* NSOperationsTests */,
				5D0AD657201F02BC00C3C890 /* Example1 */,
				5D0AD67A201F13B200C3C890 /* Example2 */,
				5D58BFDA20289F14007E6F9C /* Example3 */,
			);
		};
/* End PBXProject section */

/* Begin PBXResourcesBuildPhase section */
		5D0AD656201F02BC00C3C890 /* Resources */ = {
			isa = PBXResourcesBuildPhase;
			buildActionMask = 2147483647;
			files = (
				5D0AD674201F136400C3C890 /* Assets.xcassets in Resources */,
				5D0AD675201F136900C3C890 /* LaunchScreen.storyboard in Resources */,
				5D0AD662201F02BC00C3C890 /* Main.storyboard in Resources */,
			);
			runOnlyForDeploymentPostprocessing = 0;
		};
		5D0AD679201F13B200C3C890 /* Resources */ = {
			isa = PBXResourcesBuildPhase;
			buildActionMask = 2147483647;
			files = (
				5D0AD694201F13E300C3C890 /* LaunchScreen.storyboard in Resources */,
				5D0AD693201F13E000C3C890 /* Assets.xcassets in Resources */,
				5D0AD685201F13B200C3C890 /* Main.storyboard in Resources */,
			);
			runOnlyForDeploymentPostprocessing = 0;
		};
		5D317CAE2016A861008ABEF9 /* Resources */ = {
			isa = PBXResourcesBuildPhase;
			buildActionMask = 2147483647;
			files = (
			);
			runOnlyForDeploymentPostprocessing = 0;
		};
		5D58BFD920289F14007E6F9C /* Resources */ = {
			isa = PBXResourcesBuildPhase;
			buildActionMask = 2147483647;
			files = (
				5D58BFF420289F49007E6F9C /* LaunchScreen.storyboard in Resources */,
				5D58BFF320289F3D007E6F9C /* Assets.xcassets in Resources */,
				5D58BFE520289F14007E6F9C /* Main.storyboard in Resources */,
			);
			runOnlyForDeploymentPostprocessing = 0;
		};
/* End PBXResourcesBuildPhase section */

/* Begin PBXSourcesBuildPhase section */
		5D0AD654201F02BC00C3C890 /* Sources */ = {
			isa = PBXSourcesBuildPhase;
			buildActionMask = 2147483647;
			files = (
				5D0AD65F201F02BC00C3C890 /* ViewController.m in Sources */,
				5D0AD671201F05C000C3C890 /* ImageRequestOperation.m in Sources */,
				5D0AD676201F137D00C3C890 /* main.m in Sources */,
				5D0AD673201F136100C3C890 /* AppDelegate.m in Sources */,
			);
			runOnlyForDeploymentPostprocessing = 0;
		};
		5D0AD677201F13B200C3C890 /* Sources */ = {
			isa = PBXSourcesBuildPhase;
			buildActionMask = 2147483647;
			files = (
				5D0AD691201F13D700C3C890 /* main.m in Sources */,
				5D0AD682201F13B200C3C890 /* ViewController.m in Sources */,
				5D0AD692201F13DE00C3C890 /* AppDelegate.m in Sources */,
				5D0AD695201F3BB600C3C890 /* ImageRequestOperation.m in Sources */,
			);
			runOnlyForDeploymentPostprocessing = 0;
		};
		5D317CAC2016A861008ABEF9 /* Sources */ = {
			isa = PBXSourcesBuildPhase;
			buildActionMask = 2147483647;
			files = (
				5D317CC62016AD0B008ABEF9 /* AsyncLongRunningOperation.m in Sources */,
				5D317CB52016A861008ABEF9 /* NSOperationsTests.m in Sources */,
				5D317CC22016A9C1008ABEF9 /* LongRunningOperation.m in Sources */,
				5D58BFFD2029954E007E6F9C /* AsyncOperation.m in Sources */,
				5D58BFFA20299483007E6F9C /* WrapperOperation.m in Sources */,
			);
			runOnlyForDeploymentPostprocessing = 0;
		};
		5D58BFD720289F14007E6F9C /* Sources */ = {
			isa = PBXSourcesBuildPhase;
			buildActionMask = 2147483647;
			files = (
				5D58BFF120289F37007E6F9C /* main.m in Sources */,
				5D58BFE220289F14007E6F9C /* ViewController.m in Sources */,
				5D58BFF720289F66007E6F9C /* ImagePickerOperation.m in Sources */,
				5D58C008202B11C8007E6F9C /* AsyncOperation.m in Sources */,
				5D58BFF220289F3A007E6F9C /* AppDelegate.m in Sources */,
			);
			runOnlyForDeploymentPostprocessing = 0;
		};
/* End PBXSourcesBuildPhase section */

/* Begin PBXVariantGroup section */
		5D0AD660201F02BC00C3C890 /* Main.storyboard */ = {
			isa = PBXVariantGroup;
			children = (
				5D0AD661201F02BC00C3C890 /* Base */,
			);
			name = Main.storyboard;
			sourceTree = "<group>";
		};
		5D0AD683201F13B200C3C890 /* Main.storyboard */ = {
			isa = PBXVariantGroup;
			children = (
				5D0AD684201F13B200C3C890 /* Base */,
			);
			name = Main.storyboard;
			sourceTree = "<group>";
		};
		5D317CA62016A861008ABEF9 /* LaunchScreen.storyboard */ = {
			isa = PBXVariantGroup;
			children = (
				5D317CA72016A861008ABEF9 /* Base */,
			);
			name = LaunchScreen.storyboard;
			sourceTree = "<group>";
		};
		5D58BFE320289F14007E6F9C /* Main.storyboard */ = {
			isa = PBXVariantGroup;
			children = (
				5D58BFE420289F14007E6F9C /* Base */,
			);
			name = Main.storyboard;
			sourceTree = "<group>";
		};
/* End PBXVariantGroup section */

/* Begin XCBuildConfiguration section */
		5D0AD66B201F02BD00C3C890 /* Debug */ = {
			isa = XCBuildConfiguration;
			buildSettings = {
				ASSETCATALOG_COMPILER_APPICON_NAME = AppIcon;
				CODE_SIGN_STYLE = Automatic;
				DEVELOPMENT_TEAM = 5RNJHF933P;
				INFOPLIST_FILE = "$(SRCROOT)/NSOperations/Example1/Info.plist";
				LD_RUNPATH_SEARCH_PATHS = "$(inherited) @executable_path/Frameworks";
				PRODUCT_BUNDLE_IDENTIFIER = com.ekstrom.Example1;
				PRODUCT_NAME = "$(TARGET_NAME)";
				TARGETED_DEVICE_FAMILY = "1,2";
			};
			name = Debug;
		};
		5D0AD66C201F02BD00C3C890 /* Release */ = {
			isa = XCBuildConfiguration;
			buildSettings = {
				ASSETCATALOG_COMPILER_APPICON_NAME = AppIcon;
				CODE_SIGN_STYLE = Automatic;
				DEVELOPMENT_TEAM = 5RNJHF933P;
				INFOPLIST_FILE = "$(SRCROOT)/NSOperations/Example1/Info.plist";
				LD_RUNPATH_SEARCH_PATHS = "$(inherited) @executable_path/Frameworks";
				PRODUCT_BUNDLE_IDENTIFIER = com.ekstrom.Example1;
				PRODUCT_NAME = "$(TARGET_NAME)";
				TARGETED_DEVICE_FAMILY = "1,2";
			};
			name = Release;
		};
		5D0AD68F201F13B200C3C890 /* Debug */ = {
			isa = XCBuildConfiguration;
			buildSettings = {
				ASSETCATALOG_COMPILER_APPICON_NAME = AppIcon;
				CODE_SIGN_STYLE = Automatic;
				DEVELOPMENT_TEAM = 5RNJHF933P;
				INFOPLIST_FILE = "$(SRCROOT)/NSOperations/Example2/Info.plist";
				LD_RUNPATH_SEARCH_PATHS = "$(inherited) @executable_path/Frameworks";
				PRODUCT_BUNDLE_IDENTIFIER = com.ekstrom.Example2;
				PRODUCT_NAME = "$(TARGET_NAME)";
				TARGETED_DEVICE_FAMILY = "1,2";
			};
			name = Debug;
		};
		5D0AD690201F13B200C3C890 /* Release */ = {
			isa = XCBuildConfiguration;
			buildSettings = {
				ASSETCATALOG_COMPILER_APPICON_NAME = AppIcon;
				CODE_SIGN_STYLE = Automatic;
				DEVELOPMENT_TEAM = 5RNJHF933P;
				INFOPLIST_FILE = "$(SRCROOT)/NSOperations/Example2/Info.plist";
				LD_RUNPATH_SEARCH_PATHS = "$(inherited) @executable_path/Frameworks";
				PRODUCT_BUNDLE_IDENTIFIER = com.ekstrom.Example2;
				PRODUCT_NAME = "$(TARGET_NAME)";
				TARGETED_DEVICE_FAMILY = "1,2";
			};
			name = Release;
		};
		5D317CB72016A861008ABEF9 /* Debug */ = {
			isa = XCBuildConfiguration;
			buildSettings = {
				ALWAYS_SEARCH_USER_PATHS = NO;
				CLANG_ANALYZER_NONNULL = YES;
				CLANG_ANALYZER_NUMBER_OBJECT_CONVERSION = YES_AGGRESSIVE;
				CLANG_CXX_LANGUAGE_STANDARD = "gnu++14";
				CLANG_CXX_LIBRARY = "libc++";
				CLANG_ENABLE_MODULES = YES;
				CLANG_ENABLE_OBJC_ARC = YES;
				CLANG_WARN_BLOCK_CAPTURE_AUTORELEASING = YES;
				CLANG_WARN_BOOL_CONVERSION = YES;
				CLANG_WARN_COMMA = YES;
				CLANG_WARN_CONSTANT_CONVERSION = YES;
				CLANG_WARN_DIRECT_OBJC_ISA_USAGE = YES_ERROR;
				CLANG_WARN_DOCUMENTATION_COMMENTS = YES;
				CLANG_WARN_EMPTY_BODY = YES;
				CLANG_WARN_ENUM_CONVERSION = YES;
				CLANG_WARN_INFINITE_RECURSION = YES;
				CLANG_WARN_INT_CONVERSION = YES;
				CLANG_WARN_NON_LITERAL_NULL_CONVERSION = YES;
				CLANG_WARN_OBJC_LITERAL_CONVERSION = YES;
				CLANG_WARN_OBJC_ROOT_CLASS = YES_ERROR;
				CLANG_WARN_RANGE_LOOP_ANALYSIS = YES;
				CLANG_WARN_STRICT_PROTOTYPES = YES;
				CLANG_WARN_SUSPICIOUS_MOVE = YES;
				CLANG_WARN_UNGUARDED_AVAILABILITY = YES_AGGRESSIVE;
				CLANG_WARN_UNREACHABLE_CODE = YES;
				CLANG_WARN__DUPLICATE_METHOD_MATCH = YES;
				CODE_SIGN_IDENTITY = "iPhone Developer";
				COPY_PHASE_STRIP = NO;
				DEBUG_INFORMATION_FORMAT = dwarf;
				ENABLE_STRICT_OBJC_MSGSEND = YES;
				ENABLE_TESTABILITY = YES;
				GCC_C_LANGUAGE_STANDARD = gnu11;
				GCC_DYNAMIC_NO_PIC = NO;
				GCC_NO_COMMON_BLOCKS = YES;
				GCC_OPTIMIZATION_LEVEL = 0;
				GCC_PREPROCESSOR_DEFINITIONS = (
					"DEBUG=1",
					"$(inherited)",
				);
				GCC_WARN_64_TO_32_BIT_CONVERSION = YES;
				GCC_WARN_ABOUT_RETURN_TYPE = YES_ERROR;
				GCC_WARN_UNDECLARED_SELECTOR = YES;
				GCC_WARN_UNINITIALIZED_AUTOS = YES_AGGRESSIVE;
				GCC_WARN_UNUSED_FUNCTION = YES;
				GCC_WARN_UNUSED_VARIABLE = YES;
				IPHONEOS_DEPLOYMENT_TARGET = 11.2;
				MTL_ENABLE_DEBUG_INFO = YES;
				ONLY_ACTIVE_ARCH = YES;
				SDKROOT = iphoneos;
			};
			name = Debug;
		};
		5D317CB82016A861008ABEF9 /* Release */ = {
			isa = XCBuildConfiguration;
			buildSettings = {
				ALWAYS_SEARCH_USER_PATHS = NO;
				CLANG_ANALYZER_NONNULL = YES;
				CLANG_ANALYZER_NUMBER_OBJECT_CONVERSION = YES_AGGRESSIVE;
				CLANG_CXX_LANGUAGE_STANDARD = "gnu++14";
				CLANG_CXX_LIBRARY = "libc++";
				CLANG_ENABLE_MODULES = YES;
				CLANG_ENABLE_OBJC_ARC = YES;
				CLANG_WARN_BLOCK_CAPTURE_AUTORELEASING = YES;
				CLANG_WARN_BOOL_CONVERSION = YES;
				CLANG_WARN_COMMA = YES;
				CLANG_WARN_CONSTANT_CONVERSION = YES;
				CLANG_WARN_DIRECT_OBJC_ISA_USAGE = YES_ERROR;
				CLANG_WARN_DOCUMENTATION_COMMENTS = YES;
				CLANG_WARN_EMPTY_BODY = YES;
				CLANG_WARN_ENUM_CONVERSION = YES;
				CLANG_WARN_INFINITE_RECURSION = YES;
				CLANG_WARN_INT_CONVERSION = YES;
				CLANG_WARN_NON_LITERAL_NULL_CONVERSION = YES;
				CLANG_WARN_OBJC_LITERAL_CONVERSION = YES;
				CLANG_WARN_OBJC_ROOT_CLASS = YES_ERROR;
				CLANG_WARN_RANGE_LOOP_ANALYSIS = YES;
				CLANG_WARN_STRICT_PROTOTYPES = YES;
				CLANG_WARN_SUSPICIOUS_MOVE = YES;
				CLANG_WARN_UNGUARDED_AVAILABILITY = YES_AGGRESSIVE;
				CLANG_WARN_UNREACHABLE_CODE = YES;
				CLANG_WARN__DUPLICATE_METHOD_MATCH = YES;
				CODE_SIGN_IDENTITY = "iPhone Developer";
				COPY_PHASE_STRIP = NO;
				DEBUG_INFORMATION_FORMAT = "dwarf-with-dsym";
				ENABLE_NS_ASSERTIONS = NO;
				ENABLE_STRICT_OBJC_MSGSEND = YES;
				GCC_C_LANGUAGE_STANDARD = gnu11;
				GCC_NO_COMMON_BLOCKS = YES;
				GCC_WARN_64_TO_32_BIT_CONVERSION = YES;
				GCC_WARN_ABOUT_RETURN_TYPE = YES_ERROR;
				GCC_WARN_UNDECLARED_SELECTOR = YES;
				GCC_WARN_UNINITIALIZED_AUTOS = YES_AGGRESSIVE;
				GCC_WARN_UNUSED_FUNCTION = YES;
				GCC_WARN_UNUSED_VARIABLE = YES;
				IPHONEOS_DEPLOYMENT_TARGET = 11.2;
				MTL_ENABLE_DEBUG_INFO = NO;
				SDKROOT = iphoneos;
				VALIDATE_PRODUCT = YES;
			};
			name = Release;
		};
		5D317CBD2016A861008ABEF9 /* Debug */ = {
			isa = XCBuildConfiguration;
			buildSettings = {
				CODE_SIGN_STYLE = Automatic;
				DEVELOPMENT_TEAM = 5RNJHF933P;
				INFOPLIST_FILE = NSOperationsTests/Info.plist;
				LD_RUNPATH_SEARCH_PATHS = "$(inherited) @executable_path/Frameworks @loader_path/Frameworks";
				PRODUCT_BUNDLE_IDENTIFIER = com.ekstrom.NSOperationsTests;
				PRODUCT_NAME = "$(TARGET_NAME)";
				TARGETED_DEVICE_FAMILY = "1,2";
			};
			name = Debug;
		};
		5D317CBE2016A861008ABEF9 /* Release */ = {
			isa = XCBuildConfiguration;
			buildSettings = {
				CODE_SIGN_STYLE = Automatic;
				DEVELOPMENT_TEAM = 5RNJHF933P;
				INFOPLIST_FILE = NSOperationsTests/Info.plist;
				LD_RUNPATH_SEARCH_PATHS = "$(inherited) @executable_path/Frameworks @loader_path/Frameworks";
				PRODUCT_BUNDLE_IDENTIFIER = com.ekstrom.NSOperationsTests;
				PRODUCT_NAME = "$(TARGET_NAME)";
				TARGETED_DEVICE_FAMILY = "1,2";
			};
			name = Release;
		};
		5D58BFEE20289F14007E6F9C /* Debug */ = {
			isa = XCBuildConfiguration;
			buildSettings = {
				ASSETCATALOG_COMPILER_APPICON_NAME = AppIcon;
				CODE_SIGN_STYLE = Automatic;
				DEVELOPMENT_TEAM = 5RNJHF933P;
				INFOPLIST_FILE = "$(SRCROOT)/NSOperations/Example3/Info.plist";
				LD_RUNPATH_SEARCH_PATHS = "$(inherited) @executable_path/Frameworks";
				PRODUCT_BUNDLE_IDENTIFIER = com.ekstrom.Example3;
				PRODUCT_NAME = "$(TARGET_NAME)";
				TARGETED_DEVICE_FAMILY = "1,2";
			};
			name = Debug;
		};
		5D58BFEF20289F14007E6F9C /* Release */ = {
			isa = XCBuildConfiguration;
			buildSettings = {
				ASSETCATALOG_COMPILER_APPICON_NAME = AppIcon;
				CODE_SIGN_STYLE = Automatic;
				DEVELOPMENT_TEAM = 5RNJHF933P;
				INFOPLIST_FILE = "$(SRCROOT)/NSOperations/Example3/Info.plist";
				LD_RUNPATH_SEARCH_PATHS = "$(inherited) @executable_path/Frameworks";
				PRODUCT_BUNDLE_IDENTIFIER = com.ekstrom.Example3;
				PRODUCT_NAME = "$(TARGET_NAME)";
				TARGETED_DEVICE_FAMILY = "1,2";
			};
			name = Release;
		};
/* End XCBuildConfiguration section */

/* Begin XCConfigurationList section */
		5D0AD66D201F02BD00C3C890 /* Build configuration list for PBXNativeTarget "Example1" */ = {
			isa = XCConfigurationList;
			buildConfigurations = (
				5D0AD66B201F02BD00C3C890 /* Debug */,
				5D0AD66C201F02BD00C3C890 /* Release */,
			);
			defaultConfigurationIsVisible = 0;
			defaultConfigurationName = Release;
		};
		5D0AD68E201F13B200C3C890 /* Build configuration list for PBXNativeTarget "Example2" */ = {
			isa = XCConfigurationList;
			buildConfigurations = (
				5D0AD68F201F13B200C3C890 /* Debug */,
				5D0AD690201F13B200C3C890 /* Release */,
			);
			defaultConfigurationIsVisible = 0;
			defaultConfigurationName = Release;
		};
		5D317C932016A861008ABEF9 /* Build configuration list for PBXProject "NSOperations" */ = {
			isa = XCConfigurationList;
			buildConfigurations = (
				5D317CB72016A861008ABEF9 /* Debug */,
				5D317CB82016A861008ABEF9 /* Release */,
			);
			defaultConfigurationIsVisible = 0;
			defaultConfigurationName = Release;
		};
		5D317CBC2016A861008ABEF9 /* Build configuration list for PBXNativeTarget "NSOperationsTests" */ = {
			isa = XCConfigurationList;
			buildConfigurations = (
				5D317CBD2016A861008ABEF9 /* Debug */,
				5D317CBE2016A861008ABEF9 /* Release */,
			);
			defaultConfigurationIsVisible = 0;
			defaultConfigurationName = Release;
		};
		5D58BFF020289F14007E6F9C /* Build configuration list for PBXNativeTarget "Example3" */ = {
			isa = XCConfigurationList;
			buildConfigurations = (
				5D58BFEE20289F14007E6F9C /* Debug */,
				5D58BFEF20289F14007E6F9C /* Release */,
			);
			defaultConfigurationIsVisible = 0;
			defaultConfigurationName = Release;
		};
/* End XCConfigurationList section */
	};
	rootObject = 5D317C902016A861008ABEF9 /* Project object */;
}
